
Microsoft Visual Studio Solution File, Format Version 12.00
# Visual Studio Version 17
VisualStudioVersion = 17.0.31903.59
MinimumVisualStudioVersion = 10.0.40219.1
Project("{2150E333-8FDC-42A3-9474-1A3956D46DE8}") = "src", "src", "{5A78114A-9130-4660-B281-2A88C80588F8}"
EndProject
Project("{FAE04EC0-301F-11D3-BF4B-00C04F79EFBC}") = "BuildingBlocks.Domain", "src\BuildingBlocks.Domain\BuildingBlocks.Domain.csproj", "{7CD0B2CB-B001-4606-9465-F379BC715153}"
EndProject
Project("{2150E333-8FDC-42A3-9474-1A3956D46DE8}") = "tests", "tests", "{504444E6-0142-444E-B389-DD5941B4660E}"
EndProject
Project("{FAE04EC0-301F-11D3-BF4B-00C04F79EFBC}") = "BuildingBlocks.Domain.Tests", "tests\BuildingBlocks.Domain.Tests\BuildingBlocks.Domain.Tests.csproj", "{50F8CB6F-BDF6-4B27-9C25-B2F9D337BBD3}"
EndProject
Global
	GlobalSection(SolutionConfigurationPlatforms) = preSolution
		Debug|Any CPU = Debug|Any CPU
		Release|Any CPU = Release|Any CPU
	EndGlobalSection
	GlobalSection(SolutionProperties) = preSolution
		HideSolutionNode = FALSE
	EndGlobalSection
	GlobalSection(ProjectConfigurationPlatforms) = postSolution
		{7CD0B2CB-B001-4606-9465-F379BC715153}.Debug|Any CPU.ActiveCfg = Debug|Any CPU
		{7CD0B2CB-B001-4606-9465-F379BC715153}.Debug|Any CPU.Build.0 = Debug|Any CPU
		{7CD0B2CB-B001-4606-9465-F379BC715153}.Release|Any CPU.ActiveCfg = Release|Any CPU
		{7CD0B2CB-B001-4606-9465-F379BC715153}.Release|Any CPU.Build.0 = Release|Any CPU
		{50F8CB6F-BDF6-4B27-9C25-B2F9D337BBD3}.Debug|Any CPU.ActiveCfg = Debug|Any CPU
		{50F8CB6F-BDF6-4B27-9C25-B2F9D337BBD3}.Debug|Any CPU.Build.0 = Debug|Any CPU
		{50F8CB6F-BDF6-4B27-9C25-B2F9D337BBD3}.Release|Any CPU.ActiveCfg = Release|Any CPU
		{50F8CB6F-BDF6-4B27-9C25-B2F9D337BBD3}.Release|Any CPU.Build.0 = Release|Any CPU
	EndGlobalSection
	GlobalSection(NestedProjects) = preSolution
		{7CD0B2CB-B001-4606-9465-F379BC715153} = {5A78114A-9130-4660-B281-2A88C80588F8}
		{50F8CB6F-BDF6-4B27-9C25-B2F9D337BBD3} = {504444E6-0142-444E-B389-DD5941B4660E}
	EndGlobalSection
EndGlobal
